
Microsoft Visual Studio Solution File, Format Version 12.00
# Visual Studio Version 17
VisualStudioVersion = 17.11.35222.181
MinimumVisualStudioVersion = 10.0.40219.1
Project("{9A19103F-16F7-4668-BE54-9A1E7A4F7556}") = "MediaPlayer.GUI", "GUI\MediaPlayer.GUI.csproj", "{A63001D8-D149-4E67-9CF3-F1586391AD0C}"
EndProject
Project("{9A19103F-16F7-4668-BE54-9A1E7A4F7556}") = "MediaPLayer.BLL", "Player\MediaPLayer.BLL.csproj", "{E9DBF951-4C65-410A-A4BC-63D55DB2A1A5}"
EndProject
Project("{9A19103F-16F7-4668-BE54-9A1E7A4F7556}") = "MediaPlayer.DAL", "DAL\MediaPlayer.DAL.csproj", "{E65F86F2-E6D4-45E9-8560-B1D839184907}"
EndProject
Global
	GlobalSection(SolutionConfigurationPlatforms) = preSolution
		Debug|Any CPU = Debug|Any CPU
		Release|Any CPU = Release|Any CPU
	EndGlobalSection
	GlobalSection(ProjectConfigurationPlatforms) = postSolution
		{A63001D8-D149-4E67-9CF3-F1586391AD0C}.Debug|Any CPU.ActiveCfg = Debug|Any CPU
		{A63001D8-D149-4E67-9CF3-F1586391AD0C}.Debug|Any CPU.Build.0 = Debug|Any CPU
		{A63001D8-D149-4E67-9CF3-F1586391AD0C}.Release|Any CPU.ActiveCfg = Release|Any CPU
		{A63001D8-D149-4E67-9CF3-F1586391AD0C}.Release|Any CPU.Build.0 = Release|Any CPU
		{E9DBF951-4C65-410A-A4BC-63D55DB2A1A5}.Debug|Any CPU.ActiveCfg = Debug|Any CPU
		{E9DBF951-4C65-410A-A4BC-63D55DB2A1A5}.Debug|Any CPU.Build.0 = Debug|Any CPU
		{E9DBF951-4C65-410A-A4BC-63D55DB2A1A5}.Release|Any CPU.ActiveCfg = Release|Any CPU
		{E9DBF951-4C65-410A-A4BC-63D55DB2A1A5}.Release|Any CPU.Build.0 = Release|Any CPU
		{E65F86F2-E6D4-45E9-8560-B1D839184907}.Debug|Any CPU.ActiveCfg = Debug|Any CPU
		{E65F86F2-E6D4-45E9-8560-B1D839184907}.Debug|Any CPU.Build.0 = Debug|Any CPU
		{E65F86F2-E6D4-45E9-8560-B1D839184907}.Release|Any CPU.ActiveCfg = Release|Any CPU
		{E65F86F2-E6D4-45E9-8560-B1D839184907}.Release|Any CPU.Build.0 = Release|Any CPU
	EndGlobalSection
	GlobalSection(SolutionProperties) = preSolution
		HideSolutionNode = FALSE
	EndGlobalSection
	GlobalSection(ExtensibilityGlobals) = postSolution
		SolutionGuid = {08DBB171-A824-4D50-8853-4CF31D605270}
	EndGlobalSection
EndGlobal
